
Microsoft Visual Studio Solution File, Format Version 12.00
# Visual Studio Version 17
VisualStudioVersion = 17.3.32901.215
MinimumVisualStudioVersion = 10.0.40219.1
Project("{FAE04EC0-301F-11D3-BF4B-00C04F79EFBC}") = "Lessson5", "Lessson5.csproj", "{20892150-CEF9-4990-B88A-E2AA5AA51DCE}"
EndProject
Global
	GlobalSection(SolutionConfigurationPlatforms) = preSolution
		Debug|Any CPU = Debug|Any CPU
		Release|Any CPU = Release|Any CPU
	EndGlobalSection
	GlobalSection(ProjectConfigurationPlatforms) = postSolution
		{20892150-CEF9-4990-B88A-E2AA5AA51DCE}.Debug|Any CPU.ActiveCfg = Debug|Any CPU
		{20892150-CEF9-4990-B88A-E2AA5AA51DCE}.Debug|Any CPU.Build.0 = Debug|Any CPU
		{20892150-CEF9-4990-B88A-E2AA5AA51DCE}.Release|Any CPU.ActiveCfg = Release|Any CPU
		{20892150-CEF9-4990-B88A-E2AA5AA51DCE}.Release|Any CPU.Build.0 = Release|Any CPU
	EndGlobalSection
	GlobalSection(SolutionProperties) = preSolution
		HideSolutionNode = FALSE
	EndGlobalSection
	GlobalSection(ExtensibilityGlobals) = postSolution
		SolutionGuid = {DD86ABC1-25F9-4377-9776-B2E4F624C03D}
	EndGlobalSection
EndGlobal
